// !$*UTF8*$!
{
	archiveVersion = 1;
	classes = {
	};
	objectVersion = 55;
	objects = {

/* Begin PBXBuildFile section */
		9E7239F628ABDD9600530C09 /* AppDelegate.swift in Sources */ = {isa = PBXBuildFile; fileRef = 9E7239F528ABDD9600530C09 /* AppDelegate.swift */; };
		9E7239F828ABDD9600530C09 /* SceneDelegate.swift in Sources */ = {isa = PBXBuildFile; fileRef = 9E7239F728ABDD9600530C09 /* SceneDelegate.swift */; };
		9E7239FA28ABDD9600530C09 /* ViewController.swift in Sources */ = {isa = PBXBuildFile; fileRef = 9E7239F928ABDD9600530C09 /* ViewController.swift */; };
		9E7239FD28ABDD9600530C09 /* Main.storyboard in Resources */ = {isa = PBXBuildFile; fileRef = 9E7239FB28ABDD9600530C09 /* Main.storyboard */; };
		9E7239FF28ABDD9700530C09 /* Assets.xcassets in Resources */ = {isa = PBXBuildFile; fileRef = 9E7239FE28ABDD9700530C09 /* Assets.xcassets */; };
		9E723A0228ABDD9700530C09 /* LaunchScreen.storyboard in Resources */ = {isa = PBXBuildFile; fileRef = 9E723A0028ABDD9700530C09 /* LaunchScreen.storyboard */; };
		9E723A0B28ABDE1900530C09 /* FirebaseAnalytics in Frameworks */ = {isa = PBXBuildFile; productRef = 9E723A0A28ABDE1900530C09 /* FirebaseAnalytics */; };
		9E723A0D28ABDE1900530C09 /* FirebaseAuth in Frameworks */ = {isa = PBXBuildFile; productRef = 9E723A0C28ABDE1900530C09 /* FirebaseAuth */; };
		9E723A0F28ABDE1900530C09 /* FirebaseDatabase in Frameworks */ = {isa = PBXBuildFile; productRef = 9E723A0E28ABDE1900530C09 /* FirebaseDatabase */; };
		9E723A1128ABDE1900530C09 /* FirebaseFirestore in Frameworks */ = {isa = PBXBuildFile; productRef = 9E723A1028ABDE1900530C09 /* FirebaseFirestore */; };
		9E723A1328ABDE1900530C09 /* FirebaseStorage in Frameworks */ = {isa = PBXBuildFile; productRef = 9E723A1228ABDE1900530C09 /* FirebaseStorage */; };
		9EEC885828AC1D67001E81E1 /* FeedViewController.swift in Sources */ = {isa = PBXBuildFile; fileRef = 9EEC885728AC1D67001E81E1 /* FeedViewController.swift */; };
		9EEC885A28AC1D89001E81E1 /* UploadViewController.swift in Sources */ = {isa = PBXBuildFile; fileRef = 9EEC885928AC1D89001E81E1 /* UploadViewController.swift */; };
		9EEC885C28AC1DDE001E81E1 /* SettingsViewController.swift in Sources */ = {isa = PBXBuildFile; fileRef = 9EEC885B28AC1DDE001E81E1 /* SettingsViewController.swift */; };
		9EEC886428AC28CB001E81E1 /* GoogleService-Info.plist in Resources */ = {isa = PBXBuildFile; fileRef = 9EEC886328AC28CB001E81E1 /* GoogleService-Info.plist */; };
/* End PBXBuildFile section */

/* Begin PBXFileReference section */
		9E7239F228ABDD9600530C09 /* InstagramCloneFirebase.app */ = {isa = PBXFileReference; explicitFileType = wrapper.application; includeInIndex = 0; path = InstagramCloneFirebase.app; sourceTree = BUILT_PRODUCTS_DIR; };
		9E7239F528ABDD9600530C09 /* AppDelegate.swift */ = {isa = PBXFileReference; lastKnownFileType = sourcecode.swift; path = AppDelegate.swift; sourceTree = "<group>"; };
		9E7239F728ABDD9600530C09 /* SceneDelegate.swift */ = {isa = PBXFileReference; lastKnownFileType = sourcecode.swift; path = SceneDelegate.swift; sourceTree = "<group>"; };
		9E7239F928ABDD9600530C09 /* ViewController.swift */ = {isa = PBXFileReference; lastKnownFileType = sourcecode.swift; path = ViewController.swift; sourceTree = "<group>"; };
		9E7239FC28ABDD9600530C09 /* Base */ = {isa = PBXFileReference; lastKnownFileType = file.storyboard; name = Base; path = Base.lproj/Main.storyboard; sourceTree = "<group>"; };
		9E7239FE28ABDD9700530C09 /* Assets.xcassets */ = {isa = PBXFileReference; lastKnownFileType = folder.assetcatalog; path = Assets.xcassets; sourceTree = "<group>"; };
		9E723A0128ABDD9700530C09 /* Base */ = {isa = PBXFileReference; lastKnownFileType = file.storyboard; name = Base; path = Base.lproj/LaunchScreen.storyboard; sourceTree = "<group>"; };
		9E723A0328ABDD9700530C09 /* Info.plist */ = {isa = PBXFileReference; lastKnownFileType = text.plist.xml; path = Info.plist; sourceTree = "<group>"; };
		9EEC885728AC1D67001E81E1 /* FeedViewController.swift */ = {isa = PBXFileReference; lastKnownFileType = sourcecode.swift; path = FeedViewController.swift; sourceTree = "<group>"; };
		9EEC885928AC1D89001E81E1 /* UploadViewController.swift */ = {isa = PBXFileReference; lastKnownFileType = sourcecode.swift; path = UploadViewController.swift; sourceTree = "<group>"; };
		9EEC885B28AC1DDE001E81E1 /* SettingsViewController.swift */ = {isa = PBXFileReference; lastKnownFileType = sourcecode.swift; path = SettingsViewController.swift; sourceTree = "<group>"; };
		9EEC886328AC28CB001E81E1 /* GoogleService-Info.plist */ = {isa = PBXFileReference; fileEncoding = 4; lastKnownFileType = text.plist.xml; path = "GoogleService-Info.plist"; sourceTree = "<group>"; };
/* End PBXFileReference section */

/* Begin PBXFrameworksBuildPhase section */
		9E7239EF28ABDD9600530C09 /* Frameworks */ = {
			isa = PBXFrameworksBuildPhase;
			buildActionMask = 2147483647;
			files = (
				9E723A0F28ABDE1900530C09 /* FirebaseDatabase in Frameworks */,
				9E723A1128ABDE1900530C09 /* FirebaseFirestore in Frameworks */,
				9E723A0B28ABDE1900530C09 /* FirebaseAnalytics in Frameworks */,
				9E723A1328ABDE1900530C09 /* FirebaseStorage in Frameworks */,
				9E723A0D28ABDE1900530C09 /* FirebaseAuth in Frameworks */,
			);
			runOnlyForDeploymentPostprocessing = 0;
		};
/* End PBXFrameworksBuildPhase section */

/* Begin PBXGroup section */
		9E7239E928ABDD9600530C09 = {
			isa = PBXGroup;
			children = (
				9E7239F428ABDD9600530C09 /* InstagramCloneFirebase */,
				9E7239F328ABDD9600530C09 /* Products */,
			);
			sourceTree = "<group>";
		};
		9E7239F328ABDD9600530C09 /* Products */ = {
			isa = PBXGroup;
			children = (
				9E7239F228ABDD9600530C09 /* InstagramCloneFirebase.app */,
			);
			name = Products;
			sourceTree = "<group>";
		};
		9E7239F428ABDD9600530C09 /* InstagramCloneFirebase */ = {
			isa = PBXGroup;
			children = (
				9EEC885928AC1D89001E81E1 /* UploadViewController.swift */,
				9E7239F528ABDD9600530C09 /* AppDelegate.swift */,
				9EEC885B28AC1DDE001E81E1 /* SettingsViewController.swift */,
				9EEC885728AC1D67001E81E1 /* FeedViewController.swift */,
				9E7239F728ABDD9600530C09 /* SceneDelegate.swift */,
				9E7239F928ABDD9600530C09 /* ViewController.swift */,
				9E7239FB28ABDD9600530C09 /* Main.storyboard */,
				9E7239FE28ABDD9700530C09 /* Assets.xcassets */,
				9EEC886328AC28CB001E81E1 /* GoogleService-Info.plist */,
				9E723A0028ABDD9700530C09 /* LaunchScreen.storyboard */,
				9E723A0328ABDD9700530C09 /* Info.plist */,
			);
			path = InstagramCloneFirebase;
			sourceTree = "<group>";
		};
/* End PBXGroup section */

/* Begin PBXNativeTarget section */
		9E7239F128ABDD9600530C09 /* InstagramCloneFirebase */ = {
			isa = PBXNativeTarget;
			buildConfigurationList = 9E723A0628ABDD9700530C09 /* Build configuration list for PBXNativeTarget "InstagramCloneFirebase" */;
			buildPhases = (
				9E7239EE28ABDD9600530C09 /* Sources */,
				9E7239EF28ABDD9600530C09 /* Frameworks */,
				9E7239F028ABDD9600530C09 /* Resources */,
			);
			buildRules = (
			);
			dependencies = (
			);
			name = InstagramCloneFirebase;
			packageProductDependencies = (
				9E723A0A28ABDE1900530C09 /* FirebaseAnalytics */,
				9E723A0C28ABDE1900530C09 /* FirebaseAuth */,
				9E723A0E28ABDE1900530C09 /* FirebaseDatabase */,
				9E723A1028ABDE1900530C09 /* FirebaseFirestore */,
				9E723A1228ABDE1900530C09 /* FirebaseStorage */,
			);
			productName = InstagramCloneFirebase;
			productReference = 9E7239F228ABDD9600530C09 /* InstagramCloneFirebase.app */;
			productType = "com.apple.product-type.application";
		};
/* End PBXNativeTarget section */

/* Begin PBXProject section */
		9E7239EA28ABDD9600530C09 /* Project object */ = {
			isa = PBXProject;
			attributes = {
				BuildIndependentTargetsInParallel = 1;
				LastSwiftUpdateCheck = 1340;
				LastUpgradeCheck = 1340;
				TargetAttributes = {
					9E7239F128ABDD9600530C09 = {
						CreatedOnToolsVersion = 13.4.1;
					};
				};
			};
			buildConfigurationList = 9E7239ED28ABDD9600530C09 /* Build configuration list for PBXProject "InstagramCloneFirebase" */;
			compatibilityVersion = "Xcode 13.0";
			developmentRegion = en;
			hasScannedForEncodings = 0;
			knownRegions = (
				en,
				Base,
			);
			mainGroup = 9E7239E928ABDD9600530C09;
			packageReferences = (
				9E723A0928ABDE1900530C09 /* XCRemoteSwiftPackageReference "firebase-ios-sdk" */,
			);
			productRefGroup = 9E7239F328ABDD9600530C09 /* Products */;
			projectDirPath = "";
			projectRoot = "";
			targets = (
				9E7239F128ABDD9600530C09 /* InstagramCloneFirebase */,
			);
		};
/* End PBXProject section */

/* Begin PBXResourcesBuildPhase section */
		9E7239F028ABDD9600530C09 /* Resources */ = {
			isa = PBXResourcesBuildPhase;
			buildActionMask = 2147483647;
			files = (
				9E723A0228ABDD9700530C09 /* LaunchScreen.storyboard in Resources */,
				9EEC886428AC28CB001E81E1 /* GoogleService-Info.plist in Resources */,
				9E7239FF28ABDD9700530C09 /* Assets.xcassets in Resources */,
				9E7239FD28ABDD9600530C09 /* Main.storyboard in Resources */,
			);
			runOnlyForDeploymentPostprocessing = 0;
		};
/* End PBXResourcesBuildPhase section */

/* Begin PBXSourcesBuildPhase section */
		9E7239EE28ABDD9600530C09 /* Sources */ = {
			isa = PBXSourcesBuildPhase;
			buildActionMask = 2147483647;
			files = (
				9E7239FA28ABDD9600530C09 /* ViewController.swift in Sources */,
				9EEC885A28AC1D89001E81E1 /* UploadViewController.swift in Sources */,
				9E7239F628ABDD9600530C09 /* AppDelegate.swift in Sources */,
				9EEC885828AC1D67001E81E1 /* FeedViewController.swift in Sources */,
				9E7239F828ABDD9600530C09 /* SceneDelegate.swift in Sources */,
				9EEC885C28AC1DDE001E81E1 /* SettingsViewController.swift in Sources */,
			);
			runOnlyForDeploymentPostprocessing = 0;
		};
/* End PBXSourcesBuildPhase section */

/* Begin PBXVariantGroup section */
		9E7239FB28ABDD9600530C09 /* Main.storyboard */ = {
			isa = PBXVariantGroup;
			children = (
				9E7239FC28ABDD9600530C09 /* Base */,
			);
			name = Main.storyboard;
			sourceTree = "<group>";
		};
		9E723A0028ABDD9700530C09 /* LaunchScreen.storyboard */ = {
			isa = PBXVariantGroup;
			children = (
				9E723A0128ABDD9700530C09 /* Base */,
			);
			name = LaunchScreen.storyboard;
			sourceTree = "<group>";
		};
/* End PBXVariantGroup section */

/* Begin XCBuildConfiguration section */
		9E723A0428ABDD9700530C09 /* Debug */ = {
			isa = XCBuildConfiguration;
			buildSettings = {
				ALWAYS_SEARCH_USER_PATHS = NO;
				CLANG_ANALYZER_NONNULL = YES;
				CLANG_ANALYZER_NUMBER_OBJECT_CONVERSION = YES_AGGRESSIVE;
				CLANG_CXX_LANGUAGE_STANDARD = "gnu++17";
				CLANG_ENABLE_MODULES = YES;
				CLANG_ENABLE_OBJC_ARC = YES;
				CLANG_ENABLE_OBJC_WEAK = YES;
				CLANG_WARN_BLOCK_CAPTURE_AUTORELEASING = YES;
				CLANG_WARN_BOOL_CONVERSION = YES;
				CLANG_WARN_COMMA = YES;
				CLANG_WARN_CONSTANT_CONVERSION = YES;
				CLANG_WARN_DEPRECATED_OBJC_IMPLEMENTATIONS = YES;
				CLANG_WARN_DIRECT_OBJC_ISA_USAGE = YES_ERROR;
				CLANG_WARN_DOCUMENTATION_COMMENTS = YES;
				CLANG_WARN_EMPTY_BODY = YES;
				CLANG_WARN_ENUM_CONVERSION = YES;
				CLANG_WARN_INFINITE_RECURSION = YES;
				CLANG_WARN_INT_CONVERSION = YES;
				CLANG_WARN_NON_LITERAL_NULL_CONVERSION = YES;
				CLANG_WARN_OBJC_IMPLICIT_RETAIN_SELF = YES;
				CLANG_WARN_OBJC_LITERAL_CONVERSION = YES;
				CLANG_WARN_OBJC_ROOT_CLASS = YES_ERROR;
				CLANG_WARN_QUOTED_INCLUDE_IN_FRAMEWORK_HEADER = YES;
				CLANG_WARN_RANGE_LOOP_ANALYSIS = YES;
				CLANG_WARN_STRICT_PROTOTYPES = YES;
				CLANG_WARN_SUSPICIOUS_MOVE = YES;
				CLANG_WARN_UNGUARDED_AVAILABILITY = YES_AGGRESSIVE;
				CLANG_WARN_UNREACHABLE_CODE = YES;
				CLANG_WARN__DUPLICATE_METHOD_MATCH = YES;
				COPY_PHASE_STRIP = NO;
				DEBUG_INFORMATION_FORMAT = dwarf;
				ENABLE_STRICT_OBJC_MSGSEND = YES;
				ENABLE_TESTABILITY = YES;
				GCC_C_LANGUAGE_STANDARD = gnu11;
				GCC_DYNAMIC_NO_PIC = NO;
				GCC_NO_COMMON_BLOCKS = YES;
				GCC_OPTIMIZATION_LEVEL = 0;
				GCC_PREPROCESSOR_DEFINITIONS = (
					"DEBUG=1",
					"$(inherited)",
				);
				GCC_WARN_64_TO_32_BIT_CONVERSION = YES;
				GCC_WARN_ABOUT_RETURN_TYPE = YES_ERROR;
				GCC_WARN_UNDECLARED_SELECTOR = YES;
				GCC_WARN_UNINITIALIZED_AUTOS = YES_AGGRESSIVE;
				GCC_WARN_UNUSED_FUNCTION = YES;
				GCC_WARN_UNUSED_VARIABLE = YES;
				IPHONEOS_DEPLOYMENT_TARGET = 15.5;
				MTL_ENABLE_DEBUG_INFO = INCLUDE_SOURCE;
				MTL_FAST_MATH = YES;
				ONLY_ACTIVE_ARCH = YES;
				SDKROOT = iphoneos;
				SWIFT_ACTIVE_COMPILATION_CONDITIONS = DEBUG;
				SWIFT_OPTIMIZATION_LEVEL = "-Onone";
			};
			name = Debug;
		};
		9E723A0528ABDD9700530C09 /* Release */ = {
			isa = XCBuildConfiguration;
			buildSettings = {
				ALWAYS_SEARCH_USER_PATHS = NO;
				CLANG_ANALYZER_NONNULL = YES;
				CLANG_ANALYZER_NUMBER_OBJECT_CONVERSION = YES_AGGRESSIVE;
				CLANG_CXX_LANGUAGE_STANDARD = "gnu++17";
				CLANG_ENABLE_MODULES = YES;
				CLANG_ENABLE_OBJC_ARC = YES;
				CLANG_ENABLE_OBJC_WEAK = YES;
				CLANG_WARN_BLOCK_CAPTURE_AUTORELEASING = YES;
				CLANG_WARN_BOOL_CONVERSION = YES;
				CLANG_WARN_COMMA = YES;
				CLANG_WARN_CONSTANT_CONVERSION = YES;
				CLANG_WARN_DEPRECATED_OBJC_IMPLEMENTATIONS = YES;
				CLANG_WARN_DIRECT_OBJC_ISA_USAGE = YES_ERROR;
				CLANG_WARN_DOCUMENTATION_COMMENTS = YES;
				CLANG_WARN_EMPTY_BODY = YES;
				CLANG_WARN_ENUM_CONVERSION = YES;
				CLANG_WARN_INFINITE_RECURSION = YES;
				CLANG_WARN_INT_CONVERSION = YES;
				CLANG_WARN_NON_LITERAL_NULL_CONVERSION = YES;
				CLANG_WARN_OBJC_IMPLICIT_RETAIN_SELF = YES;
				CLANG_WARN_OBJC_LITERAL_CONVERSION = YES;
				CLANG_WARN_OBJC_ROOT_CLASS = YES_ERROR;
				CLANG_WARN_QUOTED_INCLUDE_IN_FRAMEWORK_HEADER = YES;
				CLANG_WARN_RANGE_LOOP_ANALYSIS = YES;
				CLANG_WARN_STRICT_PROTOTYPES = YES;
				CLANG_WARN_SUSPICIOUS_MOVE = YES;
				CLANG_WARN_UNGUARDED_AVAILABILITY = YES_AGGRESSIVE;
				CLANG_WARN_UNREACHABLE_CODE = YES;
				CLANG_WARN__DUPLICATE_METHOD_MATCH = YES;
				COPY_PHASE_STRIP = NO;
				DEBUG_INFORMATION_FORMAT = "dwarf-with-dsym";
				ENABLE_NS_ASSERTIONS = NO;
				ENABLE_STRICT_OBJC_MSGSEND = YES;
				GCC_C_LANGUAGE_STANDARD = gnu11;
				GCC_NO_COMMON_BLOCKS = YES;
				GCC_WARN_64_TO_32_BIT_CONVERSION = YES;
				GCC_WARN_ABOUT_RETURN_TYPE = YES_ERROR;
				GCC_WARN_UNDECLARED_SELECTOR = YES;
				GCC_WARN_UNINITIALIZED_AUTOS = YES_AGGRESSIVE;
				GCC_WARN_UNUSED_FUNCTION = YES;
				GCC_WARN_UNUSED_VARIABLE = YES;
				IPHONEOS_DEPLOYMENT_TARGET = 15.5;
				MTL_ENABLE_DEBUG_INFO = NO;
				MTL_FAST_MATH = YES;
				SDKROOT = iphoneos;
				SWIFT_COMPILATION_MODE = wholemodule;
				SWIFT_OPTIMIZATION_LEVEL = "-O";
				VALIDATE_PRODUCT = YES;
			};
			name = Release;
		};
		9E723A0728ABDD9700530C09 /* Debug */ = {
			isa = XCBuildConfiguration;
			buildSettings = {
				ASSETCATALOG_COMPILER_APPICON_NAME = AppIcon;
				ASSETCATALOG_COMPILER_GLOBAL_ACCENT_COLOR_NAME = AccentColor;
				CODE_SIGN_STYLE = Automatic;
				CURRENT_PROJECT_VERSION = 1;
				DEVELOPMENT_TEAM = M2NC9HQ839;
				GENERATE_INFOPLIST_FILE = YES;
				INFOPLIST_FILE = InstagramCloneFirebase/Info.plist;
				INFOPLIST_KEY_UIApplicationSupportsIndirectInputEvents = YES;
				INFOPLIST_KEY_UILaunchStoryboardName = LaunchScreen;
				INFOPLIST_KEY_UIMainStoryboardFile = Main;
				INFOPLIST_KEY_UISupportedInterfaceOrientations_iPad = "UIInterfaceOrientationPortrait UIInterfaceOrientationPortraitUpsideDown UIInterfaceOrientationLandscapeLeft UIInterfaceOrientationLandscapeRight";
				INFOPLIST_KEY_UISupportedInterfaceOrientations_iPhone = "UIInterfaceOrientationPortrait UIInterfaceOrientationLandscapeLeft UIInterfaceOrientationLandscapeRight";
				LD_RUNPATH_SEARCH_PATHS = (
					"$(inherited)",
					"@executable_path/Frameworks",
				);
				MARKETING_VERSION = 1.0;
				PRODUCT_BUNDLE_IDENTIFIER = com.muhammedeneskilicli.InstagramCloneFirebase;
				PRODUCT_NAME = "$(TARGET_NAME)";
				SWIFT_EMIT_LOC_STRINGS = YES;
				SWIFT_VERSION = 5.0;
				TARGETED_DEVICE_FAMILY = "1,2";
			};
			name = Debug;
		};
		9E723A0828ABDD9700530C09 /* Release */ = {
			isa = XCBuildConfiguration;
			buildSettings = {
				ASSETCATALOG_COMPILER_APPICON_NAME = AppIcon;
				ASSETCATALOG_COMPILER_GLOBAL_ACCENT_COLOR_NAME = AccentColor;
				CODE_SIGN_STYLE = Automatic;
				CURRENT_PROJECT_VERSION = 1;
				DEVELOPMENT_TEAM = M2NC9HQ839;
				GENERATE_INFOPLIST_FILE = YES;
				INFOPLIST_FILE = InstagramCloneFirebase/Info.plist;
				INFOPLIST_KEY_UIApplicationSupportsIndirectInputEvents = YES;
				INFOPLIST_KEY_UILaunchStoryboardName = LaunchScreen;
				INFOPLIST_KEY_UIMainStoryboardFile = Main;
				INFOPLIST_KEY_UISupportedInterfaceOrientations_iPad = "UIInterfaceOrientationPortrait UIInterfaceOrientationPortraitUpsideDown UIInterfaceOrientationLandscapeLeft UIInterfaceOrientationLandscapeRight";
				INFOPLIST_KEY_UISupportedInterfaceOrientations_iPhone = "UIInterfaceOrientationPortrait UIInterfaceOrientationLandscapeLeft UIInterfaceOrientationLandscapeRight";
				LD_RUNPATH_SEARCH_PATHS = (
					"$(inherited)",
					"@executable_path/Frameworks",
				);
				MARKETING_VERSION = 1.0;
				PRODUCT_BUNDLE_IDENTIFIER = com.muhammedeneskilicli.InstagramCloneFirebase;
				PRODUCT_NAME = "$(TARGET_NAME)";
				SWIFT_EMIT_LOC_STRINGS = YES;
				SWIFT_VERSION = 5.0;
				TARGETED_DEVICE_FAMILY = "1,2";
			};
			name = Release;
		};
/* End XCBuildConfiguration section */

/* Begin XCConfigurationList section */
		9E7239ED28ABDD9600530C09 /* Build configuration list for PBXProject "InstagramCloneFirebase" */ = {
			isa = XCConfigurationList;
			buildConfigurations = (
				9E723A0428ABDD9700530C09 /* Debug */,
				9E723A0528ABDD9700530C09 /* Release */,
			);
			defaultConfigurationIsVisible = 0;
			defaultConfigurationName = Release;
		};
		9E723A0628ABDD9700530C09 /* Build configuration list for PBXNativeTarget "InstagramCloneFirebase" */ = {
			isa = XCConfigurationList;
			buildConfigurations = (
				9E723A0728ABDD9700530C09 /* Debug */,
				9E723A0828ABDD9700530C09 /* Release */,
			);
			defaultConfigurationIsVisible = 0;
			defaultConfigurationName = Release;
		};
/* End XCConfigurationList section */

/* Begin XCRemoteSwiftPackageReference section */
		9E723A0928ABDE1900530C09 /* XCRemoteSwiftPackageReference "firebase-ios-sdk" */ = {
			isa = XCRemoteSwiftPackageReference;
			repositoryURL = "https://github.com/firebase/firebase-ios-sdk";
			requirement = {
				branch = master;
				kind = branch;
			};
		};
/* End XCRemoteSwiftPackageReference section */

/* Begin XCSwiftPackageProductDependency section */
		9E723A0A28ABDE1900530C09 /* FirebaseAnalytics */ = {
			isa = XCSwiftPackageProductDependency;
			package = 9E723A0928ABDE1900530C09 /* XCRemoteSwiftPackageReference "firebase-ios-sdk" */;
			productName = FirebaseAnalytics;
		};
		9E723A0C28ABDE1900530C09 /* FirebaseAuth */ = {
			isa = XCSwiftPackageProductDependency;
			package = 9E723A0928ABDE1900530C09 /* XCRemoteSwiftPackageReference "firebase-ios-sdk" */;
			productName = FirebaseAuth;
		};
		9E723A0E28ABDE1900530C09 /* FirebaseDatabase */ = {
			isa = XCSwiftPackageProductDependency;
			package = 9E723A0928ABDE1900530C09 /* XCRemoteSwiftPackageReference "firebase-ios-sdk" */;
			productName = FirebaseDatabase;
		};
		9E723A1028ABDE1900530C09 /* FirebaseFirestore */ = {
			isa = XCSwiftPackageProductDependency;
			package = 9E723A0928ABDE1900530C09 /* XCRemoteSwiftPackageReference "firebase-ios-sdk" */;
			productName = FirebaseFirestore;
		};
		9E723A1228ABDE1900530C09 /* FirebaseStorage */ = {
			isa = XCSwiftPackageProductDependency;
			package = 9E723A0928ABDE1900530C09 /* XCRemoteSwiftPackageReference "firebase-ios-sdk" */;
			productName = FirebaseStorage;
		};
/* End XCSwiftPackageProductDependency section */
	};
	rootObject = 9E7239EA28ABDD9600530C09 /* Project object */;
}
